// !$*UTF8*$!
{
	archiveVersion = 1;
	classes = {
	};
	objectVersion = 77;
	objects = {

/* Begin PBXBuildFile section */
		FACD33D12DFB533C00D7EFA4 /* RealityKitContent in Frameworks */ = {isa = PBXBuildFile; productRef = FACD33D02DFB533C00D7EFA4 /* RealityKitContent */; };
		FACD33E62DFB536000D7EFA4 /* WidgetKit.framework in Frameworks */ = {isa = PBXBuildFile; fileRef = FACD33E52DFB536000D7EFA4 /* WidgetKit.framework */; };
		FACD33E82DFB536000D7EFA4 /* SwiftUI.framework in Frameworks */ = {isa = PBXBuildFile; fileRef = FACD33E72DFB536000D7EFA4 /* SwiftUI.framework */; };
		FACD33F52DFB536100D7EFA4 /* StepWidgetExtension.appex in Embed Foundation Extensions */ = {isa = PBXBuildFile; fileRef = FACD33E32DFB536000D7EFA4 /* StepWidgetExtension.appex */; settings = {ATTRIBUTES = (RemoveHeadersOnCopy, ); }; };
/* End PBXBuildFile section */

/* Begin PBXContainerItemProxy section */
		FACD33F32DFB536100D7EFA4 /* PBXContainerItemProxy */ = {
			isa = PBXContainerItemProxy;
			containerPortal = FACD33C32DFB533C00D7EFA4 /* Project object */;
			proxyType = 1;
			remoteGlobalIDString = FACD33E22DFB536000D7EFA4;
			remoteInfo = StepWidgetExtension;
		};
/* End PBXContainerItemProxy section */

/* Begin PBXCopyFilesBuildPhase section */
		FACD33FA2DFB536100D7EFA4 /* Embed Foundation Extensions */ = {
			isa = PBXCopyFilesBuildPhase;
			buildActionMask = 2147483647;
			dstPath = "";
			dstSubfolderSpec = 13;
			files = (
				FACD33F52DFB536100D7EFA4 /* StepWidgetExtension.appex in Embed Foundation Extensions */,
			);
			name = "Embed Foundation Extensions";
			runOnlyForDeploymentPostprocessing = 0;
		};
/* End PBXCopyFilesBuildPhase section */

/* Begin PBXFileReference section */
		FACD33CB2DFB533C00D7EFA4 /* StepWidgetTests.app */ = {isa = PBXFileReference; explicitFileType = wrapper.application; includeInIndex = 0; path = StepWidgetTests.app; sourceTree = BUILT_PRODUCTS_DIR; };
		FACD33CF2DFB533C00D7EFA4 /* RealityKitContent */ = {isa = PBXFileReference; lastKnownFileType = wrapper; path = RealityKitContent; sourceTree = "<group>"; };
		FACD33E32DFB536000D7EFA4 /* StepWidgetExtension.appex */ = {isa = PBXFileReference; explicitFileType = "wrapper.app-extension"; includeInIndex = 0; path = StepWidgetExtension.appex; sourceTree = BUILT_PRODUCTS_DIR; };
		FACD33E52DFB536000D7EFA4 /* WidgetKit.framework */ = {isa = PBXFileReference; lastKnownFileType = wrapper.framework; name = WidgetKit.framework; path = System/Library/Frameworks/WidgetKit.framework; sourceTree = SDKROOT; };
		FACD33E72DFB536000D7EFA4 /* SwiftUI.framework */ = {isa = PBXFileReference; lastKnownFileType = wrapper.framework; name = SwiftUI.framework; path = System/Library/Frameworks/SwiftUI.framework; sourceTree = SDKROOT; };
/* End PBXFileReference section */

/* Begin PBXFileSystemSynchronizedBuildFileExceptionSet section */
		FACD33D92DFB533D00D7EFA4 /* Exceptions for "StepWidgetTests" folder in "StepWidgetTests" target */ = {
			isa = PBXFileSystemSynchronizedBuildFileExceptionSet;
			membershipExceptions = (
				Info.plist,
			);
			target = FACD33CA2DFB533C00D7EFA4 /* StepWidgetTests */;
		};
		FACD33F92DFB536100D7EFA4 /* Exceptions for "StepWidget" folder in "StepWidgetExtension" target */ = {
			isa = PBXFileSystemSynchronizedBuildFileExceptionSet;
			membershipExceptions = (
				Info.plist,
			);
			target = FACD33E22DFB536000D7EFA4 /* StepWidgetExtension */;
		};
/* End PBXFileSystemSynchronizedBuildFileExceptionSet section */

/* Begin PBXFileSystemSynchronizedRootGroup section */
		FACD33CD2DFB533C00D7EFA4 /* StepWidgetTests */ = {
			isa = PBXFileSystemSynchronizedRootGroup;
			exceptions = (
				FACD33D92DFB533D00D7EFA4 /* Exceptions for "StepWidgetTests" folder in "StepWidgetTests" target */,
			);
			path = StepWidgetTests;
			sourceTree = "<group>";
		};
		FACD33E92DFB536000D7EFA4 /* StepWidget */ = {
			isa = PBXFileSystemSynchronizedRootGroup;
			exceptions = (
				FACD33F92DFB536100D7EFA4 /* Exceptions for "StepWidget" folder in "StepWidgetExtension" target */,
			);
			path = StepWidget;
			sourceTree = "<group>";
		};
/* End PBXFileSystemSynchronizedRootGroup section */

/* Begin PBXFrameworksBuildPhase section */
		FACD33C82DFB533C00D7EFA4 /* Frameworks */ = {
			isa = PBXFrameworksBuildPhase;
			buildActionMask = 2147483647;
			files = (
				FACD33D12DFB533C00D7EFA4 /* RealityKitContent in Frameworks */,
			);
			runOnlyForDeploymentPostprocessing = 0;
		};
		FACD33E02DFB536000D7EFA4 /* Frameworks */ = {
			isa = PBXFrameworksBuildPhase;
			buildActionMask = 2147483647;
			files = (
				FACD33E82DFB536000D7EFA4 /* SwiftUI.framework in Frameworks */,
				FACD33E62DFB536000D7EFA4 /* WidgetKit.framework in Frameworks */,
			);
			runOnlyForDeploymentPostprocessing = 0;
		};
/* End PBXFrameworksBuildPhase section */

/* Begin PBXGroup section */
		FACD33C22DFB533C00D7EFA4 = {
			isa = PBXGroup;
			children = (
				FACD33CD2DFB533C00D7EFA4 /* StepWidgetTests */,
				FACD33CE2DFB533C00D7EFA4 /* Packages */,
				FACD33E92DFB536000D7EFA4 /* StepWidget */,
				FACD33E42DFB536000D7EFA4 /* Frameworks */,
				FACD33CC2DFB533C00D7EFA4 /* Products */,
			);
			sourceTree = "<group>";
		};
		FACD33CC2DFB533C00D7EFA4 /* Products */ = {
			isa = PBXGroup;
			children = (
				FACD33CB2DFB533C00D7EFA4 /* StepWidgetTests.app */,
				FACD33E32DFB536000D7EFA4 /* StepWidgetExtension.appex */,
			);
			name = Products;
			sourceTree = "<group>";
		};
		FACD33CE2DFB533C00D7EFA4 /* Packages */ = {
			isa = PBXGroup;
			children = (
				FACD33CF2DFB533C00D7EFA4 /* RealityKitContent */,
			);
			path = Packages;
			sourceTree = "<group>";
		};
		FACD33E42DFB536000D7EFA4 /* Frameworks */ = {
			isa = PBXGroup;
			children = (
				FACD33E52DFB536000D7EFA4 /* WidgetKit.framework */,
				FACD33E72DFB536000D7EFA4 /* SwiftUI.framework */,
			);
			name = Frameworks;
			sourceTree = "<group>";
		};
/* End PBXGroup section */

/* Begin PBXNativeTarget section */
		FACD33CA2DFB533C00D7EFA4 /* StepWidgetTests */ = {
			isa = PBXNativeTarget;
			buildConfigurationList = FACD33DA2DFB533D00D7EFA4 /* Build configuration list for PBXNativeTarget "StepWidgetTests" */;
			buildPhases = (
				FACD33C72DFB533C00D7EFA4 /* Sources */,
				FACD33C82DFB533C00D7EFA4 /* Frameworks */,
				FACD33C92DFB533C00D7EFA4 /* Resources */,
				FACD33FA2DFB536100D7EFA4 /* Embed Foundation Extensions */,
			);
			buildRules = (
			);
			dependencies = (
				FACD33F42DFB536100D7EFA4 /* PBXTargetDependency */,
			);
			fileSystemSynchronizedGroups = (
				FACD33CD2DFB533C00D7EFA4 /* StepWidgetTests */,
			);
			name = StepWidgetTests;
			packageProductDependencies = (
				FACD33D02DFB533C00D7EFA4 /* RealityKitContent */,
			);
			productName = StepWidgetTests;
			productReference = FACD33CB2DFB533C00D7EFA4 /* StepWidgetTests.app */;
			productType = "com.apple.product-type.application";
		};
		FACD33E22DFB536000D7EFA4 /* StepWidgetExtension */ = {
			isa = PBXNativeTarget;
			buildConfigurationList = FACD33F62DFB536100D7EFA4 /* Build configuration list for PBXNativeTarget "StepWidgetExtension" */;
			buildPhases = (
				FACD33DF2DFB536000D7EFA4 /* Sources */,
				FACD33E02DFB536000D7EFA4 /* Frameworks */,
				FACD33E12DFB536000D7EFA4 /* Resources */,
			);
			buildRules = (
			);
			dependencies = (
			);
			fileSystemSynchronizedGroups = (
				FACD33E92DFB536000D7EFA4 /* StepWidget */,
			);
			name = StepWidgetExtension;
			packageProductDependencies = (
			);
			productName = StepWidgetExtension;
			productReference = FACD33E32DFB536000D7EFA4 /* StepWidgetExtension.appex */;
			productType = "com.apple.product-type.app-extension";
		};
/* End PBXNativeTarget section */

/* Begin PBXProject section */
		FACD33C32DFB533C00D7EFA4 /* Project object */ = {
			isa = PBXProject;
			attributes = {
				BuildIndependentTargetsInParallel = 1;
				LastSwiftUpdateCheck = 2600;
				LastUpgradeCheck = 2600;
				TargetAttributes = {
					FACD33CA2DFB533C00D7EFA4 = {
						CreatedOnToolsVersion = 26.0;
					};
					FACD33E22DFB536000D7EFA4 = {
						CreatedOnToolsVersion = 26.0;
					};
				};
			};
			buildConfigurationList = FACD33C62DFB533C00D7EFA4 /* Build configuration list for PBXProject "StepWidgetTests" */;
			developmentRegion = en;
			hasScannedForEncodings = 0;
			knownRegions = (
				en,
				Base,
			);
			mainGroup = FACD33C22DFB533C00D7EFA4;
			minimizedProjectReferenceProxies = 1;
			preferredProjectObjectVersion = 77;
			productRefGroup = FACD33CC2DFB533C00D7EFA4 /* Products */;
			projectDirPath = "";
			projectRoot = "";
			targets = (
				FACD33CA2DFB533C00D7EFA4 /* StepWidgetTests */,
				FACD33E22DFB536000D7EFA4 /* StepWidgetExtension */,
			);
		};
/* End PBXProject section */

/* Begin PBXResourcesBuildPhase section */
		FACD33C92DFB533C00D7EFA4 /* Resources */ = {
			isa = PBXResourcesBuildPhase;
			buildActionMask = 2147483647;
			files = (
			);
			runOnlyForDeploymentPostprocessing = 0;
		};
		FACD33E12DFB536000D7EFA4 /* Resources */ = {
			isa = PBXResourcesBuildPhase;
			buildActionMask = 2147483647;
			files = (
			);
			runOnlyForDeploymentPostprocessing = 0;
		};
/* End PBXResourcesBuildPhase section */

/* Begin PBXSourcesBuildPhase section */
		FACD33C72DFB533C00D7EFA4 /* Sources */ = {
			isa = PBXSourcesBuildPhase;
			buildActionMask = 2147483647;
			files = (
			);
			runOnlyForDeploymentPostprocessing = 0;
		};
		FACD33DF2DFB536000D7EFA4 /* Sources */ = {
			isa = PBXSourcesBuildPhase;
			buildActionMask = 2147483647;
			files = (
			);
			runOnlyForDeploymentPostprocessing = 0;
		};
/* End PBXSourcesBuildPhase section */

/* Begin PBXTargetDependency section */
		FACD33F42DFB536100D7EFA4 /* PBXTargetDependency */ = {
			isa = PBXTargetDependency;
			target = FACD33E22DFB536000D7EFA4 /* StepWidgetExtension */;
			targetProxy = FACD33F32DFB536100D7EFA4 /* PBXContainerItemProxy */;
		};
/* End PBXTargetDependency section */

/* Begin XCBuildConfiguration section */
		FACD33DB2DFB533D00D7EFA4 /* Debug */ = {
			isa = XCBuildConfiguration;
			buildSettings = {
				ASSETCATALOG_COMPILER_APPICON_NAME = AppIcon;
				ASSETCATALOG_COMPILER_GLOBAL_ACCENT_COLOR_NAME = AccentColor;
				CODE_SIGN_STYLE = Automatic;
				CURRENT_PROJECT_VERSION = 1;
				DEVELOPMENT_TEAM = 95F35AXNCB;
				ENABLE_PREVIEWS = YES;
				GENERATE_INFOPLIST_FILE = YES;
				INFOPLIST_FILE = "$(TARGET_NAME)/Info.plist";
				LD_RUNPATH_SEARCH_PATHS = (
					"$(inherited)",
					"@executable_path/Frameworks",
				);
				MARKETING_VERSION = 1.0;
				PRODUCT_BUNDLE_IDENTIFIER = com.radicalappdev.StepWidgetTests;
				PRODUCT_NAME = "$(TARGET_NAME)";
				STRING_CATALOG_GENERATE_SYMBOLS = YES;
				SUPPORTED_PLATFORMS = "xros xrsimulator";
				SWIFT_DEFAULT_ACTOR_ISOLATION = MainActor;
				SWIFT_EMIT_LOC_STRINGS = YES;
				SWIFT_UPCOMING_FEATURE_MEMBER_IMPORT_VISIBILITY = YES;
				SWIFT_VERSION = 5.0;
				TARGETED_DEVICE_FAMILY = 7;
			};
			name = Debug;
		};
		FACD33DC2DFB533D00D7EFA4 /* Release */ = {
			isa = XCBuildConfiguration;
			buildSettings = {
				ASSETCATALOG_COMPILER_APPICON_NAME = AppIcon;
				ASSETCATALOG_COMPILER_GLOBAL_ACCENT_COLOR_NAME = AccentColor;
				CODE_SIGN_STYLE = Automatic;
				CURRENT_PROJECT_VERSION = 1;
				DEVELOPMENT_TEAM = 95F35AXNCB;
				ENABLE_PREVIEWS = YES;
				GENERATE_INFOPLIST_FILE = YES;
				INFOPLIST_FILE = "$(TARGET_NAME)/Info.plist";
				LD_RUNPATH_SEARCH_PATHS = (
					"$(inherited)",
					"@executable_path/Frameworks",
				);
				MARKETING_VERSION = 1.0;
				PRODUCT_BUNDLE_IDENTIFIER = com.radicalappdev.StepWidgetTests;
				PRODUCT_NAME = "$(TARGET_NAME)";
				STRING_CATALOG_GENERATE_SYMBOLS = YES;
				SUPPORTED_PLATFORMS = "xros xrsimulator";
				SWIFT_DEFAULT_ACTOR_ISOLATION = MainActor;
				SWIFT_EMIT_LOC_STRINGS = YES;
				SWIFT_UPCOMING_FEATURE_MEMBER_IMPORT_VISIBILITY = YES;
				SWIFT_VERSION = 5.0;
				TARGETED_DEVICE_FAMILY = 7;
			};
			name = Release;
		};
		FACD33DD2DFB533D00D7EFA4 /* Debug */ = {
			isa = XCBuildConfiguration;
			buildSettings = {
				ALWAYS_SEARCH_USER_PATHS = NO;
				ASSETCATALOG_COMPILER_GENERATE_SWIFT_ASSET_SYMBOL_EXTENSIONS = YES;
				CLANG_ANALYZER_NONNULL = YES;
				CLANG_ANALYZER_NUMBER_OBJECT_CONVERSION = YES_AGGRESSIVE;
				CLANG_CXX_LANGUAGE_STANDARD = "gnu++20";
				CLANG_ENABLE_MODULES = YES;
				CLANG_ENABLE_OBJC_ARC = YES;
				CLANG_ENABLE_OBJC_WEAK = YES;
				CLANG_WARN_BLOCK_CAPTURE_AUTORELEASING = YES;
				CLANG_WARN_BOOL_CONVERSION = YES;
				CLANG_WARN_COMMA = YES;
				CLANG_WARN_CONSTANT_CONVERSION = YES;
				CLANG_WARN_DEPRECATED_OBJC_IMPLEMENTATIONS = YES;
				CLANG_WARN_DIRECT_OBJC_ISA_USAGE = YES_ERROR;
				CLANG_WARN_DOCUMENTATION_COMMENTS = YES;
				CLANG_WARN_EMPTY_BODY = YES;
				CLANG_WARN_ENUM_CONVERSION = YES;
				CLANG_WARN_INFINITE_RECURSION = YES;
				CLANG_WARN_INT_CONVERSION = YES;
				CLANG_WARN_NON_LITERAL_NULL_CONVERSION = YES;
				CLANG_WARN_OBJC_IMPLICIT_RETAIN_SELF = YES;
				CLANG_WARN_OBJC_LITERAL_CONVERSION = YES;
				CLANG_WARN_OBJC_ROOT_CLASS = YES_ERROR;
				CLANG_WARN_QUOTED_INCLUDE_IN_FRAMEWORK_HEADER = YES;
				CLANG_WARN_RANGE_LOOP_ANALYSIS = YES;
				CLANG_WARN_STRICT_PROTOTYPES = YES;
				CLANG_WARN_SUSPICIOUS_MOVE = YES;
				CLANG_WARN_UNGUARDED_AVAILABILITY = YES_AGGRESSIVE;
				CLANG_WARN_UNREACHABLE_CODE = YES;
				CLANG_WARN__DUPLICATE_METHOD_MATCH = YES;
				COPY_PHASE_STRIP = NO;
				DEBUG_INFORMATION_FORMAT = dwarf;
				DEVELOPMENT_TEAM = 95F35AXNCB;
				ENABLE_STRICT_OBJC_MSGSEND = YES;
				ENABLE_TESTABILITY = YES;
				ENABLE_USER_SCRIPT_SANDBOXING = YES;
				GCC_C_LANGUAGE_STANDARD = gnu17;
				GCC_DYNAMIC_NO_PIC = NO;
				GCC_NO_COMMON_BLOCKS = YES;
				GCC_OPTIMIZATION_LEVEL = 0;
				GCC_PREPROCESSOR_DEFINITIONS = (
					"DEBUG=1",
					"$(inherited)",
				);
				GCC_WARN_64_TO_32_BIT_CONVERSION = YES;
				GCC_WARN_ABOUT_RETURN_TYPE = YES_ERROR;
				GCC_WARN_UNDECLARED_SELECTOR = YES;
				GCC_WARN_UNINITIALIZED_AUTOS = YES_AGGRESSIVE;
				GCC_WARN_UNUSED_FUNCTION = YES;
				GCC_WARN_UNUSED_VARIABLE = YES;
				LOCALIZATION_PREFERS_STRING_CATALOGS = YES;
				MTL_ENABLE_DEBUG_INFO = INCLUDE_SOURCE;
				MTL_FAST_MATH = YES;
				ONLY_ACTIVE_ARCH = YES;
				SDKROOT = xros;
				SWIFT_ACTIVE_COMPILATION_CONDITIONS = "DEBUG $(inherited)";
				SWIFT_OPTIMIZATION_LEVEL = "-Onone";
				XROS_DEPLOYMENT_TARGET = 26.0;
			};
			name = Debug;
		};
		FACD33DE2DFB533D00D7EFA4 /* Release */ = {
			isa = XCBuildConfiguration;
			buildSettings = {
				ALWAYS_SEARCH_USER_PATHS = NO;
				ASSETCATALOG_COMPILER_GENERATE_SWIFT_ASSET_SYMBOL_EXTENSIONS = YES;
				CLANG_ANALYZER_NONNULL = YES;
				CLANG_ANALYZER_NUMBER_OBJECT_CONVERSION = YES_AGGRESSIVE;
				CLANG_CXX_LANGUAGE_STANDARD = "gnu++20";
				CLANG_ENABLE_MODULES = YES;
				CLANG_ENABLE_OBJC_ARC = YES;
				CLANG_ENABLE_OBJC_WEAK = YES;
				CLANG_WARN_BLOCK_CAPTURE_AUTORELEASING = YES;
				CLANG_WARN_BOOL_CONVERSION = YES;
				CLANG_WARN_COMMA = YES;
				CLANG_WARN_CONSTANT_CONVERSION = YES;
				CLANG_WARN_DEPRECATED_OBJC_IMPLEMENTATIONS = YES;
				CLANG_WARN_DIRECT_OBJC_ISA_USAGE = YES_ERROR;
				CLANG_WARN_DOCUMENTATION_COMMENTS = YES;
				CLANG_WARN_EMPTY_BODY = YES;
				CLANG_WARN_ENUM_CONVERSION = YES;
				CLANG_WARN_INFINITE_RECURSION = YES;
				CLANG_WARN_INT_CONVERSION = YES;
				CLANG_WARN_NON_LITERAL_NULL_CONVERSION = YES;
				CLANG_WARN_OBJC_IMPLICIT_RETAIN_SELF = YES;
				CLANG_WARN_OBJC_LITERAL_CONVERSION = YES;
				CLANG_WARN_OBJC_ROOT_CLASS = YES_ERROR;
				CLANG_WARN_QUOTED_INCLUDE_IN_FRAMEWORK_HEADER = YES;
				CLANG_WARN_RANGE_LOOP_ANALYSIS = YES;
				CLANG_WARN_STRICT_PROTOTYPES = YES;
				CLANG_WARN_SUSPICIOUS_MOVE = YES;
				CLANG_WARN_UNGUARDED_AVAILABILITY = YES_AGGRESSIVE;
				CLANG_WARN_UNREACHABLE_CODE = YES;
				CLANG_WARN__DUPLICATE_METHOD_MATCH = YES;
				COPY_PHASE_STRIP = NO;
				DEBUG_INFORMATION_FORMAT = "dwarf-with-dsym";
				DEVELOPMENT_TEAM = 95F35AXNCB;
				ENABLE_NS_ASSERTIONS = NO;
				ENABLE_STRICT_OBJC_MSGSEND = YES;
				ENABLE_USER_SCRIPT_SANDBOXING = YES;
				GCC_C_LANGUAGE_STANDARD = gnu17;
				GCC_NO_COMMON_BLOCKS = YES;
				GCC_WARN_64_TO_32_BIT_CONVERSION = YES;
				GCC_WARN_ABOUT_RETURN_TYPE = YES_ERROR;
				GCC_WARN_UNDECLARED_SELECTOR = YES;
				GCC_WARN_UNINITIALIZED_AUTOS = YES_AGGRESSIVE;
				GCC_WARN_UNUSED_FUNCTION = YES;
				GCC_WARN_UNUSED_VARIABLE = YES;
				LOCALIZATION_PREFERS_STRING_CATALOGS = YES;
				MTL_ENABLE_DEBUG_INFO = NO;
				MTL_FAST_MATH = YES;
				SDKROOT = xros;
				SWIFT_COMPILATION_MODE = wholemodule;
				VALIDATE_PRODUCT = YES;
				XROS_DEPLOYMENT_TARGET = 26.0;
			};
			name = Release;
		};
		FACD33F72DFB536100D7EFA4 /* Debug */ = {
			isa = XCBuildConfiguration;
			buildSettings = {
				ASSETCATALOG_COMPILER_GLOBAL_ACCENT_COLOR_NAME = AccentColor;
				ASSETCATALOG_COMPILER_WIDGET_BACKGROUND_COLOR_NAME = WidgetBackground;
				CODE_SIGN_STYLE = Automatic;
				CURRENT_PROJECT_VERSION = 1;
				DEVELOPMENT_TEAM = 95F35AXNCB;
				GENERATE_INFOPLIST_FILE = YES;
				INFOPLIST_FILE = StepWidget/Info.plist;
				INFOPLIST_KEY_CFBundleDisplayName = StepWidget;
				INFOPLIST_KEY_NSHumanReadableCopyright = "";
				LD_RUNPATH_SEARCH_PATHS = (
					"$(inherited)",
					"@executable_path/Frameworks",
					"@executable_path/../../Frameworks",
				);
				MARKETING_VERSION = 1.0;
				PRODUCT_BUNDLE_IDENTIFIER = com.radicalappdev.StepWidgetTests.StepWidget;
				PRODUCT_NAME = "$(TARGET_NAME)";
				SKIP_INSTALL = YES;
				STRING_CATALOG_GENERATE_SYMBOLS = YES;
				SUPPORTED_PLATFORMS = "xros xrsimulator";
				SWIFT_EMIT_LOC_STRINGS = YES;
				SWIFT_UPCOMING_FEATURE_MEMBER_IMPORT_VISIBILITY = YES;
				SWIFT_VERSION = 5.0;
				TARGETED_DEVICE_FAMILY = 7;
			};
			name = Debug;
		};
		FACD33F82DFB536100D7EFA4 /* Release */ = {
			isa = XCBuildConfiguration;
			buildSettings = {
				ASSETCATALOG_COMPILER_GLOBAL_ACCENT_COLOR_NAME = AccentColor;
				ASSETCATALOG_COMPILER_WIDGET_BACKGROUND_COLOR_NAME = WidgetBackground;
				CODE_SIGN_STYLE = Automatic;
				CURRENT_PROJECT_VERSION = 1;
				DEVELOPMENT_TEAM = 95F35AXNCB;
				GENERATE_INFOPLIST_FILE = YES;
				INFOPLIST_FILE = StepWidget/Info.plist;
				INFOPLIST_KEY_CFBundleDisplayName = StepWidget;
				INFOPLIST_KEY_NSHumanReadableCopyright = "";
				LD_RUNPATH_SEARCH_PATHS = (
					"$(inherited)",
					"@executable_path/Frameworks",
					"@executable_path/../../Frameworks",
				);
				MARKETING_VERSION = 1.0;
				PRODUCT_BUNDLE_IDENTIFIER = com.radicalappdev.StepWidgetTests.StepWidget;
				PRODUCT_NAME = "$(TARGET_NAME)";
				SKIP_INSTALL = YES;
				STRING_CATALOG_GENERATE_SYMBOLS = YES;
				SUPPORTED_PLATFORMS = "xros xrsimulator";
				SWIFT_EMIT_LOC_STRINGS = YES;
				SWIFT_UPCOMING_FEATURE_MEMBER_IMPORT_VISIBILITY = YES;
				SWIFT_VERSION = 5.0;
				TARGETED_DEVICE_FAMILY = 7;
			};
			name = Release;
		};
/* End XCBuildConfiguration section */

/* Begin XCConfigurationList section */
		FACD33C62DFB533C00D7EFA4 /* Build configuration list for PBXProject "StepWidgetTests" */ = {
			isa = XCConfigurationList;
			buildConfigurations = (
				FACD33DD2DFB533D00D7EFA4 /* Debug */,
				FACD33DE2DFB533D00D7EFA4 /* Release */,
			);
			defaultConfigurationIsVisible = 0;
			defaultConfigurationName = Release;
		};
		FACD33DA2DFB533D00D7EFA4 /* Build configuration list for PBXNativeTarget "StepWidgetTests" */ = {
			isa = XCConfigurationList;
			buildConfigurations = (
				FACD33DB2DFB533D00D7EFA4 /* Debug */,
				FACD33DC2DFB533D00D7EFA4 /* Release */,
			);
			defaultConfigurationIsVisible = 0;
			defaultConfigurationName = Release;
		};
		FACD33F62DFB536100D7EFA4 /* Build configuration list for PBXNativeTarget "StepWidgetExtension" */ = {
			isa = XCConfigurationList;
			buildConfigurations = (
				FACD33F72DFB536100D7EFA4 /* Debug */,
				FACD33F82DFB536100D7EFA4 /* Release */,
			);
			defaultConfigurationIsVisible = 0;
			defaultConfigurationName = Release;
		};
/* End XCConfigurationList section */

/* Begin XCSwiftPackageProductDependency section */
		FACD33D02DFB533C00D7EFA4 /* RealityKitContent */ = {
			isa = XCSwiftPackageProductDependency;
			productName = RealityKitContent;
		};
/* End XCSwiftPackageProductDependency section */
	};
	rootObject = FACD33C32DFB533C00D7EFA4 /* Project object */;
}
